// !$*UTF8*$!
{
	archiveVersion = 1;
	classes = {
	};
	objectVersion = 56;
	objects = {

/* Begin PBXBuildFile section */
		FA06AC1B291AC74E00AF77B8 /* LocalFileManager.swift in Sources */ = {isa = PBXBuildFile; fileRef = FA06AC1A291AC74E00AF77B8 /* LocalFileManager.swift */; };
		FA1602F92911941500F5FE08 /* HomeViewModel.swift in Sources */ = {isa = PBXBuildFile; fileRef = FA1602F82911941500F5FE08 /* HomeViewModel.swift */; };
		FA17AEB829102B93008997B2 /* CoinRowView.swift in Sources */ = {isa = PBXBuildFile; fileRef = FA17AEB729102B93008997B2 /* CoinRowView.swift */; };
		FA17AEBA29102CA3008997B2 /* PreviewProvider.swift in Sources */ = {isa = PBXBuildFile; fileRef = FA17AEB929102CA3008997B2 /* PreviewProvider.swift */; };
		FA17AEBC29103909008997B2 /* Double.swift in Sources */ = {isa = PBXBuildFile; fileRef = FA17AEBB29103909008997B2 /* Double.swift */; };
		FA30620A2905AE65009773D2 /* SwiftCryptoApp.swift in Sources */ = {isa = PBXBuildFile; fileRef = FA3062092905AE65009773D2 /* SwiftCryptoApp.swift */; };
		FA30620C2905AE65009773D2 /* ContentView.swift in Sources */ = {isa = PBXBuildFile; fileRef = FA30620B2905AE65009773D2 /* ContentView.swift */; };
		FA30620E2905AE66009773D2 /* Assets.xcassets in Resources */ = {isa = PBXBuildFile; fileRef = FA30620D2905AE66009773D2 /* Assets.xcassets */; };
		FA3062112905AE66009773D2 /* Preview Assets.xcassets in Resources */ = {isa = PBXBuildFile; fileRef = FA3062102905AE66009773D2 /* Preview Assets.xcassets */; };
		FA3062192905B2D8009773D2 /* Color.swift in Sources */ = {isa = PBXBuildFile; fileRef = FA3062182905B2D8009773D2 /* Color.swift */; };
		FA51A7D52909A0FC0079BFEE /* HomeView.swift in Sources */ = {isa = PBXBuildFile; fileRef = FA51A7D42909A0FC0079BFEE /* HomeView.swift */; };
		FA51A7D92909A4100079BFEE /* CircleButtonView.swift in Sources */ = {isa = PBXBuildFile; fileRef = FA51A7D82909A4100079BFEE /* CircleButtonView.swift */; };
		FA51A7DB2909AC8C0079BFEE /* CircleButtonAnimationView.swift in Sources */ = {isa = PBXBuildFile; fileRef = FA51A7DA2909AC8C0079BFEE /* CircleButtonAnimationView.swift */; };
		FA51A7DE2909BA1B0079BFEE /* CoinModel.swift in Sources */ = {isa = PBXBuildFile; fileRef = FA51A7DD2909BA1B0079BFEE /* CoinModel.swift */; };
		FA7ACE6E2914578100CBB6F0 /* CoinDataService.swift in Sources */ = {isa = PBXBuildFile; fileRef = FA7ACE6D2914578100CBB6F0 /* CoinDataService.swift */; };
		FADF638529196BA7008A2650 /* NetworkingManager.swift in Sources */ = {isa = PBXBuildFile; fileRef = FADF638429196BA7008A2650 /* NetworkingManager.swift */; };
		FADF638829197AA2008A2650 /* CoinImageView.swift in Sources */ = {isa = PBXBuildFile; fileRef = FADF638729197AA2008A2650 /* CoinImageView.swift */; };
		FADF638A29197C6B008A2650 /* CoinImageService.swift in Sources */ = {isa = PBXBuildFile; fileRef = FADF638929197C6B008A2650 /* CoinImageService.swift */; };
		FADF638C29197EF3008A2650 /* CoinImageViewModel.swift in Sources */ = {isa = PBXBuildFile; fileRef = FADF638B29197EF3008A2650 /* CoinImageViewModel.swift */; };
/* End PBXBuildFile section */

/* Begin PBXFileReference section */
		FA06AC1A291AC74E00AF77B8 /* LocalFileManager.swift */ = {isa = PBXFileReference; lastKnownFileType = sourcecode.swift; path = LocalFileManager.swift; sourceTree = "<group>"; };
		FA1602F82911941500F5FE08 /* HomeViewModel.swift */ = {isa = PBXFileReference; lastKnownFileType = sourcecode.swift; path = HomeViewModel.swift; sourceTree = "<group>"; };
		FA17AEB729102B93008997B2 /* CoinRowView.swift */ = {isa = PBXFileReference; lastKnownFileType = sourcecode.swift; path = CoinRowView.swift; sourceTree = "<group>"; };
		FA17AEB929102CA3008997B2 /* PreviewProvider.swift */ = {isa = PBXFileReference; lastKnownFileType = sourcecode.swift; path = PreviewProvider.swift; sourceTree = "<group>"; };
		FA17AEBB29103909008997B2 /* Double.swift */ = {isa = PBXFileReference; lastKnownFileType = sourcecode.swift; path = Double.swift; sourceTree = "<group>"; };
		FA3062062905AE65009773D2 /* SwiftCrypto.app */ = {isa = PBXFileReference; explicitFileType = wrapper.application; includeInIndex = 0; path = SwiftCrypto.app; sourceTree = BUILT_PRODUCTS_DIR; };
		FA3062092905AE65009773D2 /* SwiftCryptoApp.swift */ = {isa = PBXFileReference; lastKnownFileType = sourcecode.swift; path = SwiftCryptoApp.swift; sourceTree = "<group>"; };
		FA30620B2905AE65009773D2 /* ContentView.swift */ = {isa = PBXFileReference; lastKnownFileType = sourcecode.swift; path = ContentView.swift; sourceTree = "<group>"; };
		FA30620D2905AE66009773D2 /* Assets.xcassets */ = {isa = PBXFileReference; lastKnownFileType = folder.assetcatalog; path = Assets.xcassets; sourceTree = "<group>"; };
		FA3062102905AE66009773D2 /* Preview Assets.xcassets */ = {isa = PBXFileReference; lastKnownFileType = folder.assetcatalog; path = "Preview Assets.xcassets"; sourceTree = "<group>"; };
		FA3062182905B2D8009773D2 /* Color.swift */ = {isa = PBXFileReference; lastKnownFileType = sourcecode.swift; path = Color.swift; sourceTree = "<group>"; };
		FA51A7D42909A0FC0079BFEE /* HomeView.swift */ = {isa = PBXFileReference; lastKnownFileType = sourcecode.swift; path = HomeView.swift; sourceTree = "<group>"; };
		FA51A7D82909A4100079BFEE /* CircleButtonView.swift */ = {isa = PBXFileReference; lastKnownFileType = sourcecode.swift; path = CircleButtonView.swift; sourceTree = "<group>"; };
		FA51A7DA2909AC8C0079BFEE /* CircleButtonAnimationView.swift */ = {isa = PBXFileReference; lastKnownFileType = sourcecode.swift; path = CircleButtonAnimationView.swift; sourceTree = "<group>"; };
		FA51A7DD2909BA1B0079BFEE /* CoinModel.swift */ = {isa = PBXFileReference; lastKnownFileType = sourcecode.swift; path = CoinModel.swift; sourceTree = "<group>"; };
		FA7ACE6D2914578100CBB6F0 /* CoinDataService.swift */ = {isa = PBXFileReference; lastKnownFileType = sourcecode.swift; path = CoinDataService.swift; sourceTree = "<group>"; };
		FADF638429196BA7008A2650 /* NetworkingManager.swift */ = {isa = PBXFileReference; lastKnownFileType = sourcecode.swift; path = NetworkingManager.swift; sourceTree = "<group>"; };
		FADF638729197AA2008A2650 /* CoinImageView.swift */ = {isa = PBXFileReference; lastKnownFileType = sourcecode.swift; path = CoinImageView.swift; sourceTree = "<group>"; };
		FADF638929197C6B008A2650 /* CoinImageService.swift */ = {isa = PBXFileReference; lastKnownFileType = sourcecode.swift; path = CoinImageService.swift; sourceTree = "<group>"; };
		FADF638B29197EF3008A2650 /* CoinImageViewModel.swift */ = {isa = PBXFileReference; lastKnownFileType = sourcecode.swift; path = CoinImageViewModel.swift; sourceTree = "<group>"; };
/* End PBXFileReference section */

/* Begin PBXFrameworksBuildPhase section */
		FA3062032905AE65009773D2 /* Frameworks */ = {
			isa = PBXFrameworksBuildPhase;
			buildActionMask = 2147483647;
			files = (
			);
			runOnlyForDeploymentPostprocessing = 0;
		};
/* End PBXFrameworksBuildPhase section */

/* Begin PBXGroup section */
		FA3061FD2905AE65009773D2 = {
			isa = PBXGroup;
			children = (
				FA3062082905AE65009773D2 /* SwiftCrypto */,
				FA3062072905AE65009773D2 /* Products */,
			);
			sourceTree = "<group>";
		};
		FA3062072905AE65009773D2 /* Products */ = {
			isa = PBXGroup;
			children = (
				FA3062062905AE65009773D2 /* SwiftCrypto.app */,
			);
			name = Products;
			sourceTree = "<group>";
		};
		FA3062082905AE65009773D2 /* SwiftCrypto */ = {
			isa = PBXGroup;
			children = (
				FADF638329196B6C008A2650 /* Utilities */,
				FA3062172905B297009773D2 /* Extensions */,
				FA7ACE6C2914574000CBB6F0 /* Services */,
				FA51A7DC2909B9FD0079BFEE /* Models */,
				FA51A7D02909A04D0079BFEE /* Core */,
				FA3062092905AE65009773D2 /* SwiftCryptoApp.swift */,
				FA30620B2905AE65009773D2 /* ContentView.swift */,
				FA30620D2905AE66009773D2 /* Assets.xcassets */,
				FA30620F2905AE66009773D2 /* Preview Content */,
			);
			path = SwiftCrypto;
			sourceTree = "<group>";
		};
		FA30620F2905AE66009773D2 /* Preview Content */ = {
			isa = PBXGroup;
			children = (
				FA3062102905AE66009773D2 /* Preview Assets.xcassets */,
			);
			path = "Preview Content";
			sourceTree = "<group>";
		};
		FA3062172905B297009773D2 /* Extensions */ = {
			isa = PBXGroup;
			children = (
				FA3062182905B2D8009773D2 /* Color.swift */,
				FA17AEB929102CA3008997B2 /* PreviewProvider.swift */,
				FA17AEBB29103909008997B2 /* Double.swift */,
			);
			path = Extensions;
			sourceTree = "<group>";
		};
		FA51A7D02909A04D0079BFEE /* Core */ = {
			isa = PBXGroup;
			children = (
				FA51A7D62909A3CB0079BFEE /* Components */,
				FA51A7D12909A0740079BFEE /* Home */,
			);
			path = Core;
			sourceTree = "<group>";
		};
		FA51A7D12909A0740079BFEE /* Home */ = {
			isa = PBXGroup;
			children = (
				FA51A7D32909A0CF0079BFEE /* ViewModels */,
				FA51A7D22909A0BC0079BFEE /* Views */,
			);
			path = Home;
			sourceTree = "<group>";
		};
		FA51A7D22909A0BC0079BFEE /* Views */ = {
			isa = PBXGroup;
			children = (
				FA51A7D42909A0FC0079BFEE /* HomeView.swift */,
				FA17AEB729102B93008997B2 /* CoinRowView.swift */,
			);
			path = Views;
			sourceTree = "<group>";
		};
		FA51A7D32909A0CF0079BFEE /* ViewModels */ = {
			isa = PBXGroup;
			children = (
				FA1602F82911941500F5FE08 /* HomeViewModel.swift */,
			);
			path = ViewModels;
			sourceTree = "<group>";
		};
		FA51A7D62909A3CB0079BFEE /* Components */ = {
			isa = PBXGroup;
			children = (
				FADF638629197A73008A2650 /* CoinImage */,
				FA51A7D72909A3D80079BFEE /* CircleButton */,
			);
			path = Components;
			sourceTree = "<group>";
		};
		FA51A7D72909A3D80079BFEE /* CircleButton */ = {
			isa = PBXGroup;
			children = (
				FA51A7D82909A4100079BFEE /* CircleButtonView.swift */,
				FA51A7DA2909AC8C0079BFEE /* CircleButtonAnimationView.swift */,
			);
			path = CircleButton;
			sourceTree = "<group>";
		};
		FA51A7DC2909B9FD0079BFEE /* Models */ = {
			isa = PBXGroup;
			children = (
				FA51A7DD2909BA1B0079BFEE /* CoinModel.swift */,
			);
			path = Models;
			sourceTree = "<group>";
		};
		FA7ACE6C2914574000CBB6F0 /* Services */ = {
			isa = PBXGroup;
			children = (
				FA7ACE6D2914578100CBB6F0 /* CoinDataService.swift */,
				FADF638929197C6B008A2650 /* CoinImageService.swift */,
			);
			path = Services;
			sourceTree = "<group>";
		};
		FADF638329196B6C008A2650 /* Utilities */ = {
			isa = PBXGroup;
			children = (
				FADF638429196BA7008A2650 /* NetworkingManager.swift */,
				FA06AC1A291AC74E00AF77B8 /* LocalFileManager.swift */,
			);
			path = Utilities;
			sourceTree = "<group>";
		};
		FADF638629197A73008A2650 /* CoinImage */ = {
			isa = PBXGroup;
			children = (
				FADF638729197AA2008A2650 /* CoinImageView.swift */,
				FADF638B29197EF3008A2650 /* CoinImageViewModel.swift */,
			);
			path = CoinImage;
			sourceTree = "<group>";
		};
/* End PBXGroup section */

/* Begin PBXNativeTarget section */
		FA3062052905AE65009773D2 /* SwiftCrypto */ = {
			isa = PBXNativeTarget;
			buildConfigurationList = FA3062142905AE66009773D2 /* Build configuration list for PBXNativeTarget "SwiftCrypto" */;
			buildPhases = (
				FA3062022905AE65009773D2 /* Sources */,
				FA3062032905AE65009773D2 /* Frameworks */,
				FA3062042905AE65009773D2 /* Resources */,
			);
			buildRules = (
			);
			dependencies = (
			);
			name = SwiftCrypto;
			productName = SwiftCrypto;
			productReference = FA3062062905AE65009773D2 /* SwiftCrypto.app */;
			productType = "com.apple.product-type.application";
		};
/* End PBXNativeTarget section */

/* Begin PBXProject section */
		FA3061FE2905AE65009773D2 /* Project object */ = {
			isa = PBXProject;
			attributes = {
				BuildIndependentTargetsInParallel = 1;
				LastSwiftUpdateCheck = 1400;
				LastUpgradeCheck = 1400;
				TargetAttributes = {
					FA3062052905AE65009773D2 = {
						CreatedOnToolsVersion = 14.0.1;
					};
				};
			};
			buildConfigurationList = FA3062012905AE65009773D2 /* Build configuration list for PBXProject "SwiftCrypto" */;
			compatibilityVersion = "Xcode 14.0";
			developmentRegion = en;
			hasScannedForEncodings = 0;
			knownRegions = (
				en,
				Base,
			);
			mainGroup = FA3061FD2905AE65009773D2;
			productRefGroup = FA3062072905AE65009773D2 /* Products */;
			projectDirPath = "";
			projectRoot = "";
			targets = (
				FA3062052905AE65009773D2 /* SwiftCrypto */,
			);
		};
/* End PBXProject section */

/* Begin PBXResourcesBuildPhase section */
		FA3062042905AE65009773D2 /* Resources */ = {
			isa = PBXResourcesBuildPhase;
			buildActionMask = 2147483647;
			files = (
				FA3062112905AE66009773D2 /* Preview Assets.xcassets in Resources */,
				FA30620E2905AE66009773D2 /* Assets.xcassets in Resources */,
			);
			runOnlyForDeploymentPostprocessing = 0;
		};
/* End PBXResourcesBuildPhase section */

/* Begin PBXSourcesBuildPhase section */
		FA3062022905AE65009773D2 /* Sources */ = {
			isa = PBXSourcesBuildPhase;
			buildActionMask = 2147483647;
			files = (
				FA7ACE6E2914578100CBB6F0 /* CoinDataService.swift in Sources */,
				FA17AEB829102B93008997B2 /* CoinRowView.swift in Sources */,
				FA1602F92911941500F5FE08 /* HomeViewModel.swift in Sources */,
				FA30620C2905AE65009773D2 /* ContentView.swift in Sources */,
				FA06AC1B291AC74E00AF77B8 /* LocalFileManager.swift in Sources */,
				FA51A7D52909A0FC0079BFEE /* HomeView.swift in Sources */,
				FADF638829197AA2008A2650 /* CoinImageView.swift in Sources */,
				FA30620A2905AE65009773D2 /* SwiftCryptoApp.swift in Sources */,
				FA51A7D92909A4100079BFEE /* CircleButtonView.swift in Sources */,
				FA3062192905B2D8009773D2 /* Color.swift in Sources */,
				FADF638529196BA7008A2650 /* NetworkingManager.swift in Sources */,
				FA51A7DB2909AC8C0079BFEE /* CircleButtonAnimationView.swift in Sources */,
				FADF638C29197EF3008A2650 /* CoinImageViewModel.swift in Sources */,
				FA17AEBA29102CA3008997B2 /* PreviewProvider.swift in Sources */,
				FA17AEBC29103909008997B2 /* Double.swift in Sources */,
				FADF638A29197C6B008A2650 /* CoinImageService.swift in Sources */,
				FA51A7DE2909BA1B0079BFEE /* CoinModel.swift in Sources */,
			);
			runOnlyForDeploymentPostprocessing = 0;
		};
/* End PBXSourcesBuildPhase section */

/* Begin XCBuildConfiguration section */
		FA3062122905AE66009773D2 /* Debug */ = {
			isa = XCBuildConfiguration;
			buildSettings = {
				ALWAYS_SEARCH_USER_PATHS = NO;
				CLANG_ANALYZER_NONNULL = YES;
				CLANG_ANALYZER_NUMBER_OBJECT_CONVERSION = YES_AGGRESSIVE;
				CLANG_CXX_LANGUAGE_STANDARD = "gnu++20";
				CLANG_ENABLE_MODULES = YES;
				CLANG_ENABLE_OBJC_ARC = YES;
				CLANG_ENABLE_OBJC_WEAK = YES;
				CLANG_WARN_BLOCK_CAPTURE_AUTORELEASING = YES;
				CLANG_WARN_BOOL_CONVERSION = YES;
				CLANG_WARN_COMMA = YES;
				CLANG_WARN_CONSTANT_CONVERSION = YES;
				CLANG_WARN_DEPRECATED_OBJC_IMPLEMENTATIONS = YES;
				CLANG_WARN_DIRECT_OBJC_ISA_USAGE = YES_ERROR;
				CLANG_WARN_DOCUMENTATION_COMMENTS = YES;
				CLANG_WARN_EMPTY_BODY = YES;
				CLANG_WARN_ENUM_CONVERSION = YES;
				CLANG_WARN_INFINITE_RECURSION = YES;
				CLANG_WARN_INT_CONVERSION = YES;
				CLANG_WARN_NON_LITERAL_NULL_CONVERSION = YES;
				CLANG_WARN_OBJC_IMPLICIT_RETAIN_SELF = YES;
				CLANG_WARN_OBJC_LITERAL_CONVERSION = YES;
				CLANG_WARN_OBJC_ROOT_CLASS = YES_ERROR;
				CLANG_WARN_QUOTED_INCLUDE_IN_FRAMEWORK_HEADER = YES;
				CLANG_WARN_RANGE_LOOP_ANALYSIS = YES;
				CLANG_WARN_STRICT_PROTOTYPES = YES;
				CLANG_WARN_SUSPICIOUS_MOVE = YES;
				CLANG_WARN_UNGUARDED_AVAILABILITY = YES_AGGRESSIVE;
				CLANG_WARN_UNREACHABLE_CODE = YES;
				CLANG_WARN__DUPLICATE_METHOD_MATCH = YES;
				COPY_PHASE_STRIP = NO;
				DEBUG_INFORMATION_FORMAT = dwarf;
				ENABLE_STRICT_OBJC_MSGSEND = YES;
				ENABLE_TESTABILITY = YES;
				GCC_C_LANGUAGE_STANDARD = gnu11;
				GCC_DYNAMIC_NO_PIC = NO;
				GCC_NO_COMMON_BLOCKS = YES;
				GCC_OPTIMIZATION_LEVEL = 0;
				GCC_PREPROCESSOR_DEFINITIONS = (
					"DEBUG=1",
					"$(inherited)",
				);
				GCC_WARN_64_TO_32_BIT_CONVERSION = YES;
				GCC_WARN_ABOUT_RETURN_TYPE = YES_ERROR;
				GCC_WARN_UNDECLARED_SELECTOR = YES;
				GCC_WARN_UNINITIALIZED_AUTOS = YES_AGGRESSIVE;
				GCC_WARN_UNUSED_FUNCTION = YES;
				GCC_WARN_UNUSED_VARIABLE = YES;
				IPHONEOS_DEPLOYMENT_TARGET = 16.0;
				MTL_ENABLE_DEBUG_INFO = INCLUDE_SOURCE;
				MTL_FAST_MATH = YES;
				ONLY_ACTIVE_ARCH = YES;
				SDKROOT = iphoneos;
				SWIFT_ACTIVE_COMPILATION_CONDITIONS = DEBUG;
				SWIFT_OPTIMIZATION_LEVEL = "-Onone";
			};
			name = Debug;
		};
		FA3062132905AE66009773D2 /* Release */ = {
			isa = XCBuildConfiguration;
			buildSettings = {
				ALWAYS_SEARCH_USER_PATHS = NO;
				CLANG_ANALYZER_NONNULL = YES;
				CLANG_ANALYZER_NUMBER_OBJECT_CONVERSION = YES_AGGRESSIVE;
				CLANG_CXX_LANGUAGE_STANDARD = "gnu++20";
				CLANG_ENABLE_MODULES = YES;
				CLANG_ENABLE_OBJC_ARC = YES;
				CLANG_ENABLE_OBJC_WEAK = YES;
				CLANG_WARN_BLOCK_CAPTURE_AUTORELEASING = YES;
				CLANG_WARN_BOOL_CONVERSION = YES;
				CLANG_WARN_COMMA = YES;
				CLANG_WARN_CONSTANT_CONVERSION = YES;
				CLANG_WARN_DEPRECATED_OBJC_IMPLEMENTATIONS = YES;
				CLANG_WARN_DIRECT_OBJC_ISA_USAGE = YES_ERROR;
				CLANG_WARN_DOCUMENTATION_COMMENTS = YES;
				CLANG_WARN_EMPTY_BODY = YES;
				CLANG_WARN_ENUM_CONVERSION = YES;
				CLANG_WARN_INFINITE_RECURSION = YES;
				CLANG_WARN_INT_CONVERSION = YES;
				CLANG_WARN_NON_LITERAL_NULL_CONVERSION = YES;
				CLANG_WARN_OBJC_IMPLICIT_RETAIN_SELF = YES;
				CLANG_WARN_OBJC_LITERAL_CONVERSION = YES;
				CLANG_WARN_OBJC_ROOT_CLASS = YES_ERROR;
				CLANG_WARN_QUOTED_INCLUDE_IN_FRAMEWORK_HEADER = YES;
				CLANG_WARN_RANGE_LOOP_ANALYSIS = YES;
				CLANG_WARN_STRICT_PROTOTYPES = YES;
				CLANG_WARN_SUSPICIOUS_MOVE = YES;
				CLANG_WARN_UNGUARDED_AVAILABILITY = YES_AGGRESSIVE;
				CLANG_WARN_UNREACHABLE_CODE = YES;
				CLANG_WARN__DUPLICATE_METHOD_MATCH = YES;
				COPY_PHASE_STRIP = NO;
				DEBUG_INFORMATION_FORMAT = "dwarf-with-dsym";
				ENABLE_NS_ASSERTIONS = NO;
				ENABLE_STRICT_OBJC_MSGSEND = YES;
				GCC_C_LANGUAGE_STANDARD = gnu11;
				GCC_NO_COMMON_BLOCKS = YES;
				GCC_WARN_64_TO_32_BIT_CONVERSION = YES;
				GCC_WARN_ABOUT_RETURN_TYPE = YES_ERROR;
				GCC_WARN_UNDECLARED_SELECTOR = YES;
				GCC_WARN_UNINITIALIZED_AUTOS = YES_AGGRESSIVE;
				GCC_WARN_UNUSED_FUNCTION = YES;
				GCC_WARN_UNUSED_VARIABLE = YES;
				IPHONEOS_DEPLOYMENT_TARGET = 16.0;
				MTL_ENABLE_DEBUG_INFO = NO;
				MTL_FAST_MATH = YES;
				SDKROOT = iphoneos;
				SWIFT_COMPILATION_MODE = wholemodule;
				SWIFT_OPTIMIZATION_LEVEL = "-O";
				VALIDATE_PRODUCT = YES;
			};
			name = Release;
		};
		FA3062152905AE66009773D2 /* Debug */ = {
			isa = XCBuildConfiguration;
			buildSettings = {
				ASSETCATALOG_COMPILER_APPICON_NAME = AppIcon;
				ASSETCATALOG_COMPILER_GLOBAL_ACCENT_COLOR_NAME = AccentColor;
				CODE_SIGN_STYLE = Automatic;
				CURRENT_PROJECT_VERSION = 1;
				DEVELOPMENT_ASSET_PATHS = "\"SwiftCrypto/Preview Content\"";
				DEVELOPMENT_TEAM = S9XKNTADD9;
				ENABLE_PREVIEWS = YES;
				GENERATE_INFOPLIST_FILE = YES;
				INFOPLIST_KEY_CFBundleDisplayName = "Crypto Tracker";
				INFOPLIST_KEY_UIApplicationSceneManifest_Generation = YES;
				INFOPLIST_KEY_UIApplicationSupportsIndirectInputEvents = YES;
				INFOPLIST_KEY_UILaunchScreen_Generation = YES;
				INFOPLIST_KEY_UISupportedInterfaceOrientations = UIInterfaceOrientationPortrait;
				INFOPLIST_KEY_UISupportedInterfaceOrientations_iPad = "UIInterfaceOrientationLandscapeLeft UIInterfaceOrientationLandscapeRight UIInterfaceOrientationPortrait UIInterfaceOrientationPortraitUpsideDown";
				LD_RUNPATH_SEARCH_PATHS = (
					"$(inherited)",
					"@executable_path/Frameworks",
				);
				MARKETING_VERSION = 1.0;
				PRODUCT_BUNDLE_IDENTIFIER = AnanasCorp..SwiftCrypto;
				PRODUCT_NAME = "$(TARGET_NAME)";
				SWIFT_EMIT_LOC_STRINGS = YES;
				SWIFT_VERSION = 5.0;
				TARGETED_DEVICE_FAMILY = "1,2";
			};
			name = Debug;
		};
		FA3062162905AE66009773D2 /* Release */ = {
			isa = XCBuildConfiguration;
			buildSettings = {
				ASSETCATALOG_COMPILER_APPICON_NAME = AppIcon;
				ASSETCATALOG_COMPILER_GLOBAL_ACCENT_COLOR_NAME = AccentColor;
				CODE_SIGN_STYLE = Automatic;
				CURRENT_PROJECT_VERSION = 1;
				DEVELOPMENT_ASSET_PATHS = "\"SwiftCrypto/Preview Content\"";
				DEVELOPMENT_TEAM = S9XKNTADD9;
				ENABLE_PREVIEWS = YES;
				GENERATE_INFOPLIST_FILE = YES;
				INFOPLIST_KEY_CFBundleDisplayName = "Crypto Tracker";
				INFOPLIST_KEY_UIApplicationSceneManifest_Generation = YES;
				INFOPLIST_KEY_UIApplicationSupportsIndirectInputEvents = YES;
				INFOPLIST_KEY_UILaunchScreen_Generation = YES;
				INFOPLIST_KEY_UISupportedInterfaceOrientations = UIInterfaceOrientationPortrait;
				INFOPLIST_KEY_UISupportedInterfaceOrientations_iPad = "UIInterfaceOrientationLandscapeLeft UIInterfaceOrientationLandscapeRight UIInterfaceOrientationPortrait UIInterfaceOrientationPortraitUpsideDown";
				LD_RUNPATH_SEARCH_PATHS = (
					"$(inherited)",
					"@executable_path/Frameworks",
				);
				MARKETING_VERSION = 1.0;
				PRODUCT_BUNDLE_IDENTIFIER = AnanasCorp..SwiftCrypto;
				PRODUCT_NAME = "$(TARGET_NAME)";
				SWIFT_EMIT_LOC_STRINGS = YES;
				SWIFT_VERSION = 5.0;
				TARGETED_DEVICE_FAMILY = "1,2";
			};
			name = Release;
		};
/* End XCBuildConfiguration section */

/* Begin XCConfigurationList section */
		FA3062012905AE65009773D2 /* Build configuration list for PBXProject "SwiftCrypto" */ = {
			isa = XCConfigurationList;
			buildConfigurations = (
				FA3062122905AE66009773D2 /* Debug */,
				FA3062132905AE66009773D2 /* Release */,
			);
			defaultConfigurationIsVisible = 0;
			defaultConfigurationName = Release;
		};
		FA3062142905AE66009773D2 /* Build configuration list for PBXNativeTarget "SwiftCrypto" */ = {
			isa = XCConfigurationList;
			buildConfigurations = (
				FA3062152905AE66009773D2 /* Debug */,
				FA3062162905AE66009773D2 /* Release */,
			);
			defaultConfigurationIsVisible = 0;
			defaultConfigurationName = Release;
		};
/* End XCConfigurationList section */
	};
	rootObject = FA3061FE2905AE65009773D2 /* Project object */;
}
